// !$*UTF8*$!
{
	archiveVersion = 1;
	classes = {
	};
	objectVersion = 56;
	objects = {

/* Begin PBXBuildFile section */
		7427E7552A7D80AD00BAC5C4 /* AppDelegate.swift in Sources */ = {isa = PBXBuildFile; fileRef = 7427E7542A7D80AD00BAC5C4 /* AppDelegate.swift */; };
		7427E7592A7D80AD00BAC5C4 /* ViewController.swift in Sources */ = {isa = PBXBuildFile; fileRef = 7427E7582A7D80AD00BAC5C4 /* ViewController.swift */; };
		7427E75C2A7D80AD00BAC5C4 /* Main.storyboard in Resources */ = {isa = PBXBuildFile; fileRef = 7427E75A2A7D80AD00BAC5C4 /* Main.storyboard */; };
		7427E75E2A7D80B100BAC5C4 /* Assets.xcassets in Resources */ = {isa = PBXBuildFile; fileRef = 7427E75D2A7D80B100BAC5C4 /* Assets.xcassets */; };
		7427E7612A7D80B100BAC5C4 /* LaunchScreen.storyboard in Resources */ = {isa = PBXBuildFile; fileRef = 7427E75F2A7D80B100BAC5C4 /* LaunchScreen.storyboard */; };
		7427E76C2A7D81BF00BAC5C4 /* BasicAnalytics in Frameworks */ = {isa = PBXBuildFile; productRef = 7427E76B2A7D81BF00BAC5C4 /* BasicAnalytics */; };
/* End PBXBuildFile section */

/* Begin PBXFileReference section */
		7427E7512A7D80AD00BAC5C4 /* BasicAnalyticsDemo.app */ = {isa = PBXFileReference; explicitFileType = wrapper.application; includeInIndex = 0; path = BasicAnalyticsDemo.app; sourceTree = BUILT_PRODUCTS_DIR; };
		7427E7542A7D80AD00BAC5C4 /* AppDelegate.swift */ = {isa = PBXFileReference; lastKnownFileType = sourcecode.swift; path = AppDelegate.swift; sourceTree = "<group>"; };
		7427E7582A7D80AD00BAC5C4 /* ViewController.swift */ = {isa = PBXFileReference; lastKnownFileType = sourcecode.swift; path = ViewController.swift; sourceTree = "<group>"; };
		7427E75B2A7D80AD00BAC5C4 /* Base */ = {isa = PBXFileReference; lastKnownFileType = file.storyboard; name = Base; path = Base.lproj/Main.storyboard; sourceTree = "<group>"; };
		7427E75D2A7D80B100BAC5C4 /* Assets.xcassets */ = {isa = PBXFileReference; lastKnownFileType = folder.assetcatalog; path = Assets.xcassets; sourceTree = "<group>"; };
		7427E7602A7D80B100BAC5C4 /* Base */ = {isa = PBXFileReference; lastKnownFileType = file.storyboard; name = Base; path = Base.lproj/LaunchScreen.storyboard; sourceTree = "<group>"; };
		7427E7622A7D80B100BAC5C4 /* Info.plist */ = {isa = PBXFileReference; lastKnownFileType = text.plist.xml; path = Info.plist; sourceTree = "<group>"; };
		7427E7692A7D80FB00BAC5C4 /* BasicAnalytics */ = {isa = PBXFileReference; lastKnownFileType = wrapper; name = BasicAnalytics; path = ..; sourceTree = "<group>"; };
/* End PBXFileReference section */

/* Begin PBXFrameworksBuildPhase section */
		7427E74E2A7D80AD00BAC5C4 /* Frameworks */ = {
			isa = PBXFrameworksBuildPhase;
			buildActionMask = 2147483647;
			files = (
				7427E76C2A7D81BF00BAC5C4 /* BasicAnalytics in Frameworks */,
			);
			runOnlyForDeploymentPostprocessing = 0;
		};
/* End PBXFrameworksBuildPhase section */

/* Begin PBXGroup section */
		7427E7482A7D80AD00BAC5C4 = {
			isa = PBXGroup;
			children = (
				7427E7682A7D80FB00BAC5C4 /* Packages */,
				7427E7532A7D80AD00BAC5C4 /* BasicAnalyticsDemo */,
				7427E7522A7D80AD00BAC5C4 /* Products */,
				7427E76A2A7D81BF00BAC5C4 /* Frameworks */,
			);
			sourceTree = "<group>";
		};
		7427E7522A7D80AD00BAC5C4 /* Products */ = {
			isa = PBXGroup;
			children = (
				7427E7512A7D80AD00BAC5C4 /* BasicAnalyticsDemo.app */,
			);
			name = Products;
			sourceTree = "<group>";
		};
		7427E7532A7D80AD00BAC5C4 /* BasicAnalyticsDemo */ = {
			isa = PBXGroup;
			children = (
				7427E7542A7D80AD00BAC5C4 /* AppDelegate.swift */,
				7427E7582A7D80AD00BAC5C4 /* ViewController.swift */,
				7427E75A2A7D80AD00BAC5C4 /* Main.storyboard */,
				7427E75D2A7D80B100BAC5C4 /* Assets.xcassets */,
				7427E75F2A7D80B100BAC5C4 /* LaunchScreen.storyboard */,
				7427E7622A7D80B100BAC5C4 /* Info.plist */,
			);
			path = BasicAnalyticsDemo;
			sourceTree = "<group>";
		};
		7427E7682A7D80FB00BAC5C4 /* Packages */ = {
			isa = PBXGroup;
			children = (
				7427E7692A7D80FB00BAC5C4 /* BasicAnalytics */,
			);
			name = Packages;
			sourceTree = "<group>";
		};
		7427E76A2A7D81BF00BAC5C4 /* Frameworks */ = {
			isa = PBXGroup;
			children = (
			);
			name = Frameworks;
			sourceTree = "<group>";
		};
/* End PBXGroup section */

/* Begin PBXNativeTarget section */
		7427E7502A7D80AD00BAC5C4 /* BasicAnalyticsDemo */ = {
			isa = PBXNativeTarget;
			buildConfigurationList = 7427E7652A7D80B100BAC5C4 /* Build configuration list for PBXNativeTarget "BasicAnalyticsDemo" */;
			buildPhases = (
				7427E74D2A7D80AD00BAC5C4 /* Sources */,
				7427E74E2A7D80AD00BAC5C4 /* Frameworks */,
				7427E74F2A7D80AD00BAC5C4 /* Resources */,
			);
			buildRules = (
			);
			dependencies = (
			);
			name = BasicAnalyticsDemo;
			packageProductDependencies = (
				7427E76B2A7D81BF00BAC5C4 /* BasicAnalytics */,
			);
			productName = BasicAnalyticsDemo;
			productReference = 7427E7512A7D80AD00BAC5C4 /* BasicAnalyticsDemo.app */;
			productType = "com.apple.product-type.application";
		};
/* End PBXNativeTarget section */

/* Begin PBXProject section */
		7427E7492A7D80AD00BAC5C4 /* Project object */ = {
			isa = PBXProject;
			attributes = {
				BuildIndependentTargetsInParallel = 1;
				LastSwiftUpdateCheck = 1430;
				LastUpgradeCheck = 1430;
				TargetAttributes = {
					7427E7502A7D80AD00BAC5C4 = {
						CreatedOnToolsVersion = 14.3.1;
					};
				};
			};
			buildConfigurationList = 7427E74C2A7D80AD00BAC5C4 /* Build configuration list for PBXProject "BasicAnalyticsDemo" */;
			compatibilityVersion = "Xcode 14.0";
			developmentRegion = en;
			hasScannedForEncodings = 0;
			knownRegions = (
				en,
				Base,
			);
			mainGroup = 7427E7482A7D80AD00BAC5C4;
			productRefGroup = 7427E7522A7D80AD00BAC5C4 /* Products */;
			projectDirPath = "";
			projectRoot = "";
			targets = (
				7427E7502A7D80AD00BAC5C4 /* BasicAnalyticsDemo */,
			);
		};
/* End PBXProject section */

/* Begin PBXResourcesBuildPhase section */
		7427E74F2A7D80AD00BAC5C4 /* Resources */ = {
			isa = PBXResourcesBuildPhase;
			buildActionMask = 2147483647;
			files = (
				7427E7612A7D80B100BAC5C4 /* LaunchScreen.storyboard in Resources */,
				7427E75E2A7D80B100BAC5C4 /* Assets.xcassets in Resources */,
				7427E75C2A7D80AD00BAC5C4 /* Main.storyboard in Resources */,
			);
			runOnlyForDeploymentPostprocessing = 0;
		};
/* End PBXResourcesBuildPhase section */

/* Begin PBXSourcesBuildPhase section */
		7427E74D2A7D80AD00BAC5C4 /* Sources */ = {
			isa = PBXSourcesBuildPhase;
			buildActionMask = 2147483647;
			files = (
				7427E7592A7D80AD00BAC5C4 /* ViewController.swift in Sources */,
				7427E7552A7D80AD00BAC5C4 /* AppDelegate.swift in Sources */,
			);
			runOnlyForDeploymentPostprocessing = 0;
		};
/* End PBXSourcesBuildPhase section */

/* Begin PBXVariantGroup section */
		7427E75A2A7D80AD00BAC5C4 /* Main.storyboard */ = {
			isa = PBXVariantGroup;
			children = (
				7427E75B2A7D80AD00BAC5C4 /* Base */,
			);
			name = Main.storyboard;
			sourceTree = "<group>";
		};
		7427E75F2A7D80B100BAC5C4 /* LaunchScreen.storyboard */ = {
			isa = PBXVariantGroup;
			children = (
				7427E7602A7D80B100BAC5C4 /* Base */,
			);
			name = LaunchScreen.storyboard;
			sourceTree = "<group>";
		};
/* End PBXVariantGroup section */

/* Begin XCBuildConfiguration section */
		7427E7632A7D80B100BAC5C4 /* Debug */ = {
			isa = XCBuildConfiguration;
			buildSettings = {
				ALWAYS_SEARCH_USER_PATHS = NO;
				CLANG_ANALYZER_NONNULL = YES;
				CLANG_ANALYZER_NUMBER_OBJECT_CONVERSION = YES_AGGRESSIVE;
				CLANG_CXX_LANGUAGE_STANDARD = "gnu++20";
				CLANG_ENABLE_MODULES = YES;
				CLANG_ENABLE_OBJC_ARC = YES;
				CLANG_ENABLE_OBJC_WEAK = YES;
				CLANG_WARN_BLOCK_CAPTURE_AUTORELEASING = YES;
				CLANG_WARN_BOOL_CONVERSION = YES;
				CLANG_WARN_COMMA = YES;
				CLANG_WARN_CONSTANT_CONVERSION = YES;
				CLANG_WARN_DEPRECATED_OBJC_IMPLEMENTATIONS = YES;
				CLANG_WARN_DIRECT_OBJC_ISA_USAGE = YES_ERROR;
				CLANG_WARN_DOCUMENTATION_COMMENTS = YES;
				CLANG_WARN_EMPTY_BODY = YES;
				CLANG_WARN_ENUM_CONVERSION = YES;
				CLANG_WARN_INFINITE_RECURSION = YES;
				CLANG_WARN_INT_CONVERSION = YES;
				CLANG_WARN_NON_LITERAL_NULL_CONVERSION = YES;
				CLANG_WARN_OBJC_IMPLICIT_RETAIN_SELF = YES;
				CLANG_WARN_OBJC_LITERAL_CONVERSION = YES;
				CLANG_WARN_OBJC_ROOT_CLASS = YES_ERROR;
				CLANG_WARN_QUOTED_INCLUDE_IN_FRAMEWORK_HEADER = YES;
				CLANG_WARN_RANGE_LOOP_ANALYSIS = YES;
				CLANG_WARN_STRICT_PROTOTYPES = YES;
				CLANG_WARN_SUSPICIOUS_MOVE = YES;
				CLANG_WARN_UNGUARDED_AVAILABILITY = YES_AGGRESSIVE;
				CLANG_WARN_UNREACHABLE_CODE = YES;
				CLANG_WARN__DUPLICATE_METHOD_MATCH = YES;
				COPY_PHASE_STRIP = NO;
				DEBUG_INFORMATION_FORMAT = dwarf;
				ENABLE_STRICT_OBJC_MSGSEND = YES;
				ENABLE_TESTABILITY = YES;
				GCC_C_LANGUAGE_STANDARD = gnu11;
				GCC_DYNAMIC_NO_PIC = NO;
				GCC_NO_COMMON_BLOCKS = YES;
				GCC_OPTIMIZATION_LEVEL = 0;
				GCC_PREPROCESSOR_DEFINITIONS = (
					"DEBUG=1",
					"$(inherited)",
				);
				GCC_WARN_64_TO_32_BIT_CONVERSION = YES;
				GCC_WARN_ABOUT_RETURN_TYPE = YES_ERROR;
				GCC_WARN_UNDECLARED_SELECTOR = YES;
				GCC_WARN_UNINITIALIZED_AUTOS = YES_AGGRESSIVE;
				GCC_WARN_UNUSED_FUNCTION = YES;
				GCC_WARN_UNUSED_VARIABLE = YES;
				IPHONEOS_DEPLOYMENT_TARGET = 11.0;
				MTL_ENABLE_DEBUG_INFO = INCLUDE_SOURCE;
				MTL_FAST_MATH = YES;
				ONLY_ACTIVE_ARCH = YES;
				SDKROOT = iphoneos;
				SWIFT_ACTIVE_COMPILATION_CONDITIONS = DEBUG;
				SWIFT_OPTIMIZATION_LEVEL = "-Onone";
			};
			name = Debug;
		};
		7427E7642A7D80B100BAC5C4 /* Release */ = {
			isa = XCBuildConfiguration;
			buildSettings = {
				ALWAYS_SEARCH_USER_PATHS = NO;
				CLANG_ANALYZER_NONNULL = YES;
				CLANG_ANALYZER_NUMBER_OBJECT_CONVERSION = YES_AGGRESSIVE;
				CLANG_CXX_LANGUAGE_STANDARD = "gnu++20";
				CLANG_ENABLE_MODULES = YES;
				CLANG_ENABLE_OBJC_ARC = YES;
				CLANG_ENABLE_OBJC_WEAK = YES;
				CLANG_WARN_BLOCK_CAPTURE_AUTORELEASING = YES;
				CLANG_WARN_BOOL_CONVERSION = YES;
				CLANG_WARN_COMMA = YES;
				CLANG_WARN_CONSTANT_CONVERSION = YES;
				CLANG_WARN_DEPRECATED_OBJC_IMPLEMENTATIONS = YES;
				CLANG_WARN_DIRECT_OBJC_ISA_USAGE = YES_ERROR;
				CLANG_WARN_DOCUMENTATION_COMMENTS = YES;
				CLANG_WARN_EMPTY_BODY = YES;
				CLANG_WARN_ENUM_CONVERSION = YES;
				CLANG_WARN_INFINITE_RECURSION = YES;
				CLANG_WARN_INT_CONVERSION = YES;
				CLANG_WARN_NON_LITERAL_NULL_CONVERSION = YES;
				CLANG_WARN_OBJC_IMPLICIT_RETAIN_SELF = YES;
				CLANG_WARN_OBJC_LITERAL_CONVERSION = YES;
				CLANG_WARN_OBJC_ROOT_CLASS = YES_ERROR;
				CLANG_WARN_QUOTED_INCLUDE_IN_FRAMEWORK_HEADER = YES;
				CLANG_WARN_RANGE_LOOP_ANALYSIS = YES;
				CLANG_WARN_STRICT_PROTOTYPES = YES;
				CLANG_WARN_SUSPICIOUS_MOVE = YES;
				CLANG_WARN_UNGUARDED_AVAILABILITY = YES_AGGRESSIVE;
				CLANG_WARN_UNREACHABLE_CODE = YES;
				CLANG_WARN__DUPLICATE_METHOD_MATCH = YES;
				COPY_PHASE_STRIP = NO;
				DEBUG_INFORMATION_FORMAT = "dwarf-with-dsym";
				ENABLE_NS_ASSERTIONS = NO;
				ENABLE_STRICT_OBJC_MSGSEND = YES;
				GCC_C_LANGUAGE_STANDARD = gnu11;
				GCC_NO_COMMON_BLOCKS = YES;
				GCC_WARN_64_TO_32_BIT_CONVERSION = YES;
				GCC_WARN_ABOUT_RETURN_TYPE = YES_ERROR;
				GCC_WARN_UNDECLARED_SELECTOR = YES;
				GCC_WARN_UNINITIALIZED_AUTOS = YES_AGGRESSIVE;
				GCC_WARN_UNUSED_FUNCTION = YES;
				GCC_WARN_UNUSED_VARIABLE = YES;
				IPHONEOS_DEPLOYMENT_TARGET = 11.0;
				MTL_ENABLE_DEBUG_INFO = NO;
				MTL_FAST_MATH = YES;
				SDKROOT = iphoneos;
				SWIFT_COMPILATION_MODE = wholemodule;
				SWIFT_OPTIMIZATION_LEVEL = "-O";
				VALIDATE_PRODUCT = YES;
			};
			name = Release;
		};
		7427E7662A7D80B100BAC5C4 /* Debug */ = {
			isa = XCBuildConfiguration;
			buildSettings = {
				ASSETCATALOG_COMPILER_APPICON_NAME = AppIcon;
				ASSETCATALOG_COMPILER_GLOBAL_ACCENT_COLOR_NAME = AccentColor;
				CODE_SIGN_STYLE = Automatic;
				CURRENT_PROJECT_VERSION = 1;
				DEVELOPMENT_TEAM = 793E95F4NE;
				GENERATE_INFOPLIST_FILE = YES;
				INFOPLIST_FILE = BasicAnalyticsDemo/Info.plist;
				INFOPLIST_KEY_UIApplicationSupportsIndirectInputEvents = YES;
				INFOPLIST_KEY_UILaunchStoryboardName = LaunchScreen;
				INFOPLIST_KEY_UIMainStoryboardFile = Main;
				INFOPLIST_KEY_UISupportedInterfaceOrientations = UIInterfaceOrientationPortrait;
				IPHONEOS_DEPLOYMENT_TARGET = 11.0;
				LD_RUNPATH_SEARCH_PATHS = (
					"$(inherited)",
					"@executable_path/Frameworks",
				);
				MARKETING_VERSION = 1.0;
				PRODUCT_BUNDLE_IDENTIFIER = mobileEngineeringCave.BasicAnalyticsDemo;
				PRODUCT_NAME = "$(TARGET_NAME)";
				SUPPORTED_PLATFORMS = "iphoneos iphonesimulator";
				SUPPORTS_MACCATALYST = NO;
				SUPPORTS_MAC_DESIGNED_FOR_IPHONE_IPAD = YES;
				SWIFT_EMIT_LOC_STRINGS = YES;
				SWIFT_VERSION = 5.0;
				TARGETED_DEVICE_FAMILY = 1;
			};
			name = Debug;
		};
		7427E7672A7D80B100BAC5C4 /* Release */ = {
			isa = XCBuildConfiguration;
			buildSettings = {
				ASSETCATALOG_COMPILER_APPICON_NAME = AppIcon;
				ASSETCATALOG_COMPILER_GLOBAL_ACCENT_COLOR_NAME = AccentColor;
				CODE_SIGN_STYLE = Automatic;
				CURRENT_PROJECT_VERSION = 1;
				DEVELOPMENT_TEAM = 793E95F4NE;
				GENERATE_INFOPLIST_FILE = YES;
				INFOPLIST_FILE = BasicAnalyticsDemo/Info.plist;
				INFOPLIST_KEY_UIApplicationSupportsIndirectInputEvents = YES;
				INFOPLIST_KEY_UILaunchStoryboardName = LaunchScreen;
				INFOPLIST_KEY_UIMainStoryboardFile = Main;
				INFOPLIST_KEY_UISupportedInterfaceOrientations = UIInterfaceOrientationPortrait;
				IPHONEOS_DEPLOYMENT_TARGET = 11.0;
				LD_RUNPATH_SEARCH_PATHS = (
					"$(inherited)",
					"@executable_path/Frameworks",
				);
				MARKETING_VERSION = 1.0;
				PRODUCT_BUNDLE_IDENTIFIER = mobileEngineeringCave.BasicAnalyticsDemo;
				PRODUCT_NAME = "$(TARGET_NAME)";
				SUPPORTED_PLATFORMS = "iphoneos iphonesimulator";
				SUPPORTS_MACCATALYST = NO;
				SUPPORTS_MAC_DESIGNED_FOR_IPHONE_IPAD = YES;
				SWIFT_EMIT_LOC_STRINGS = YES;
				SWIFT_VERSION = 5.0;
				TARGETED_DEVICE_FAMILY = 1;
			};
			name = Release;
		};
/* End XCBuildConfiguration section */

/* Begin XCConfigurationList section */
		7427E74C2A7D80AD00BAC5C4 /* Build configuration list for PBXProject "BasicAnalyticsDemo" */ = {
			isa = XCConfigurationList;
			buildConfigurations = (
				7427E7632A7D80B100BAC5C4 /* Debug */,
				7427E7642A7D80B100BAC5C4 /* Release */,
			);
			defaultConfigurationIsVisible = 0;
			defaultConfigurationName = Release;
		};
		7427E7652A7D80B100BAC5C4 /* Build configuration list for PBXNativeTarget "BasicAnalyticsDemo" */ = {
			isa = XCConfigurationList;
			buildConfigurations = (
				7427E7662A7D80B100BAC5C4 /* Debug */,
				7427E7672A7D80B100BAC5C4 /* Release */,
			);
			defaultConfigurationIsVisible = 0;
			defaultConfigurationName = Release;
		};
/* End XCConfigurationList section */

/* Begin XCSwiftPackageProductDependency section */
		7427E76B2A7D81BF00BAC5C4 /* BasicAnalytics */ = {
			isa = XCSwiftPackageProductDependency;
			productName = BasicAnalytics;
		};
/* End XCSwiftPackageProductDependency section */
	};
	rootObject = 7427E7492A7D80AD00BAC5C4 /* Project object */;
}
